{
  "name": "arma3-be-scheduler",
  "version": "1.0.0",
  "lockfileVersion": 1,
  "requires": true,
  "dependencies": {
    "arma3-be": {
      "version": "1.0.3",
      "resolved": "https://registry.npmjs.org/arma3-be/-/arma3-be-1.0.3.tgz",
      "integrity": "sha512-o4H5z8yvKC6clDPR/UwbW4K3CNLiuMEvvniLeCH0zGTb4QaODhf2F0h1+91YklM8KzJDHMTDgTrtFmMBtLo0Fw==",
      "requires": {
        "battle-node": "^0.1.2"
      }
    },
    "battle-node": {
      "version": "0.1.2",
      "resolved": "https://registry.npmjs.org/battle-node/-/battle-node-0.1.2.tgz",
      "integrity": "sha1-1nbEWdeCUE8cTMWm0h+56LiStkk=",
      "requires": {
        "buffer-crc32": "^0.2.1"
      }
    },
    "buffer-crc32": {
      "version": "0.2.13",
      "resolved": "https://registry.npmjs.org/buffer-crc32/-/buffer-crc32-0.2.13.tgz",
      "integrity": "sha1-DTM+PwDqxQqhRUq9MO+MKl2ackI="
    },
    "cron": {
      "version": "1.8.2",
      "resolved": "https://registry.npmjs.org/cron/-/cron-1.8.2.tgz",
      "integrity": "sha512-Gk2c4y6xKEO8FSAUTklqtfSr7oTq0CiPQeLBG5Fl0qoXpZyMcj1SG59YL+hqq04bu6/IuEA7lMkYDAplQNKkyg==",
      "requires": {
        "moment-timezone": "^0.5.x"
      }
    },
    "moment": {
      "version": "2.29.1",
      "resolved": "https://registry.npmjs.org/moment/-/moment-2.29.1.tgz",
      "integrity": "sha512-kHmoybcPV8Sqy59DwNDY3Jefr64lK/by/da0ViFcuA4DH0vQg5Q6Ze5VimxkfQNSC+Mls/Kx53s7TjP1RhFEDQ=="
    },
    "moment-timezone": {
      "version": "0.5.31",
      "resolved": "https://registry.npmjs.org/moment-timezone/-/moment-timezone-0.5.31.tgz",
      "integrity": "sha512-+GgHNg8xRhMXfEbv81iDtrVeTcWt0kWmTEY1XQK14dICTXnWJnT0dxdlPspwqF3keKMVPXwayEsk1DI0AA/jdA==",
      "requires": {
        "moment": ">= 2.9.0"
      }
    }
  }
}
